
Microsoft Visual Studio Solution File, Format Version 12.00
Project("{FAE04EC0-301F-11D3-BF4B-00C04F79EFBC}") = "WebFrameworksCA2", "WebFrameworksCA2\WebFrameworksCA2.csproj", "{A701438E-263D-4BF5-B7E0-8B2B006D2229}"
EndProject
Global
	GlobalSection(SolutionConfigurationPlatforms) = preSolution
		Debug|Any CPU = Debug|Any CPU
		Release|Any CPU = Release|Any CPU
	EndGlobalSection
	GlobalSection(ProjectConfigurationPlatforms) = postSolution
		{A701438E-263D-4BF5-B7E0-8B2B006D2229}.Debug|Any CPU.ActiveCfg = Debug|Any CPU
		{A701438E-263D-4BF5-B7E0-8B2B006D2229}.Debug|Any CPU.Build.0 = Debug|Any CPU
		{A701438E-263D-4BF5-B7E0-8B2B006D2229}.Release|Any CPU.ActiveCfg = Release|Any CPU
		{A701438E-263D-4BF5-B7E0-8B2B006D2229}.Release|Any CPU.Build.0 = Release|Any CPU
	EndGlobalSection
EndGlobal
